
Microsoft Visual Studio Solution File, Format Version 12.00
# Visual Studio Version 17
VisualStudioVersion = 17.3.32811.315
MinimumVisualStudioVersion = 10.0.40219.1
Project("{FAE04EC0-301F-11D3-BF4B-00C04F79EFBC}") = "BackgroudProcess.Manager", "BackgroudProcess.Manager\BackgroudProcess.Manager.csproj", "{6B7E0468-FBE8-4D26-A6BB-00D82005D564}"
EndProject
Global
	GlobalSection(SolutionConfigurationPlatforms) = preSolution
		Debug|Any CPU = Debug|Any CPU
		Release|Any CPU = Release|Any CPU
	EndGlobalSection
	GlobalSection(ProjectConfigurationPlatforms) = postSolution
		{6B7E0468-FBE8-4D26-A6BB-00D82005D564}.Debug|Any CPU.ActiveCfg = Debug|Any CPU
		{6B7E0468-FBE8-4D26-A6BB-00D82005D564}.Debug|Any CPU.Build.0 = Debug|Any CPU
		{6B7E0468-FBE8-4D26-A6BB-00D82005D564}.Release|Any CPU.ActiveCfg = Release|Any CPU
		{6B7E0468-FBE8-4D26-A6BB-00D82005D564}.Release|Any CPU.Build.0 = Release|Any CPU
	EndGlobalSection
	GlobalSection(SolutionProperties) = preSolution
		HideSolutionNode = FALSE
	EndGlobalSection
	GlobalSection(ExtensibilityGlobals) = postSolution
		SolutionGuid = {DB60C576-D82F-4298-959A-34F82376CCBA}
	EndGlobalSection
EndGlobal
